// !$*UTF8*$!
{
	archiveVersion = 1;
	classes = {
	};
	objectVersion = 56;
	objects = {

/* Begin PBXBuildFile section */
		001 /* PluckkApp.swift in Sources */ = {isa = PBXBuildFile; fileRef = 101 /* PluckkApp.swift */; };
		002 /* AppDelegate.swift in Sources */ = {isa = PBXBuildFile; fileRef = 102 /* AppDelegate.swift */; };
		003 /* AppState.swift in Sources */ = {isa = PBXBuildFile; fileRef = 103 /* AppState.swift */; };
		004 /* PluckkPanel.swift in Sources */ = {isa = PBXBuildFile; fileRef = 104 /* PluckkPanel.swift */; };
		005 /* SidebarView.swift in Sources */ = {isa = PBXBuildFile; fileRef = 105 /* SidebarView.swift */; };
		006 /* AmbientStripView.swift in Sources */ = {isa = PBXBuildFile; fileRef = 106 /* AmbientStripView.swift */; };
		007 /* DoubleCmdDetector.swift in Sources */ = {isa = PBXBuildFile; fileRef = 107 /* DoubleCmdDetector.swift */; };
		008 /* SelectionReader.swift in Sources */ = {isa = PBXBuildFile; fileRef = 108 /* SelectionReader.swift */; };
		009 /* AuthManager.swift in Sources */ = {isa = PBXBuildFile; fileRef = 109 /* AuthManager.swift */; };
		010 /* LoginView.swift in Sources */ = {isa = PBXBuildFile; fileRef = 110 /* LoginView.swift */; };
		011 /* PluckkAPI.swift in Sources */ = {isa = PBXBuildFile; fileRef = 111 /* PluckkAPI.swift */; };
		012 /* CardGenerationView.swift in Sources */ = {isa = PBXBuildFile; fileRef = 112 /* CardGenerationView.swift */; };
		013 /* CardBrowserView.swift in Sources */ = {isa = PBXBuildFile; fileRef = 113 /* CardBrowserView.swift */; };
		014 /* ReviewSessionView.swift in Sources */ = {isa = PBXBuildFile; fileRef = 114 /* ReviewSessionView.swift */; };
		015 /* SettingsView.swift in Sources */ = {isa = PBXBuildFile; fileRef = 115 /* SettingsView.swift */; };
		016 /* Assets.xcassets in Resources */ = {isa = PBXBuildFile; fileRef = 116 /* Assets.xcassets */; };
		017 /* Config.swift in Sources */ = {isa = PBXBuildFile; fileRef = 119 /* Config.swift */; };
		018 /* Theme.swift in Sources */ = {isa = PBXBuildFile; fileRef = 120 /* Theme.swift */; };
		019 /* PluckkLogo.swift in Sources */ = {isa = PBXBuildFile; fileRef = 121 /* PluckkLogo.swift */; };
		020 /* SandAnimationView.swift in Sources */ = {isa = PBXBuildFile; fileRef = 122 /* SandAnimationView.swift */; };
		021 /* WindowResizer.swift in Sources */ = {isa = PBXBuildFile; fileRef = 123 /* WindowResizer.swift */; };
/* End PBXBuildFile section */

/* Begin PBXFileReference section */
		100 /* Pluckk.app */ = {isa = PBXFileReference; explicitFileType = wrapper.application; includeInIndex = 0; path = Pluckk.app; sourceTree = BUILT_PRODUCTS_DIR; };
		101 /* PluckkApp.swift */ = {isa = PBXFileReference; lastKnownFileType = sourcecode.swift; path = PluckkApp.swift; sourceTree = "<group>"; };
		102 /* AppDelegate.swift */ = {isa = PBXFileReference; lastKnownFileType = sourcecode.swift; path = AppDelegate.swift; sourceTree = "<group>"; };
		103 /* AppState.swift */ = {isa = PBXFileReference; lastKnownFileType = sourcecode.swift; path = AppState.swift; sourceTree = "<group>"; };
		104 /* PluckkPanel.swift */ = {isa = PBXFileReference; lastKnownFileType = sourcecode.swift; path = PluckkPanel.swift; sourceTree = "<group>"; };
		105 /* SidebarView.swift */ = {isa = PBXFileReference; lastKnownFileType = sourcecode.swift; path = SidebarView.swift; sourceTree = "<group>"; };
		106 /* AmbientStripView.swift */ = {isa = PBXFileReference; lastKnownFileType = sourcecode.swift; path = AmbientStripView.swift; sourceTree = "<group>"; };
		107 /* DoubleCmdDetector.swift */ = {isa = PBXFileReference; lastKnownFileType = sourcecode.swift; path = DoubleCmdDetector.swift; sourceTree = "<group>"; };
		108 /* SelectionReader.swift */ = {isa = PBXFileReference; lastKnownFileType = sourcecode.swift; path = SelectionReader.swift; sourceTree = "<group>"; };
		109 /* AuthManager.swift */ = {isa = PBXFileReference; lastKnownFileType = sourcecode.swift; path = AuthManager.swift; sourceTree = "<group>"; };
		110 /* LoginView.swift */ = {isa = PBXFileReference; lastKnownFileType = sourcecode.swift; path = LoginView.swift; sourceTree = "<group>"; };
		111 /* PluckkAPI.swift */ = {isa = PBXFileReference; lastKnownFileType = sourcecode.swift; path = PluckkAPI.swift; sourceTree = "<group>"; };
		112 /* CardGenerationView.swift */ = {isa = PBXFileReference; lastKnownFileType = sourcecode.swift; path = CardGenerationView.swift; sourceTree = "<group>"; };
		113 /* CardBrowserView.swift */ = {isa = PBXFileReference; lastKnownFileType = sourcecode.swift; path = CardBrowserView.swift; sourceTree = "<group>"; };
		114 /* ReviewSessionView.swift */ = {isa = PBXFileReference; lastKnownFileType = sourcecode.swift; path = ReviewSessionView.swift; sourceTree = "<group>"; };
		115 /* SettingsView.swift */ = {isa = PBXFileReference; lastKnownFileType = sourcecode.swift; path = SettingsView.swift; sourceTree = "<group>"; };
		116 /* Assets.xcassets */ = {isa = PBXFileReference; lastKnownFileType = folder.assetcatalog; path = Assets.xcassets; sourceTree = "<group>"; };
		117 /* Info.plist */ = {isa = PBXFileReference; lastKnownFileType = text.plist.xml; path = Info.plist; sourceTree = "<group>"; };
		118 /* Pluckk.entitlements */ = {isa = PBXFileReference; lastKnownFileType = text.plist.entitlements; path = Pluckk.entitlements; sourceTree = "<group>"; };
		119 /* Config.swift */ = {isa = PBXFileReference; lastKnownFileType = sourcecode.swift; path = Config.swift; sourceTree = "<group>"; };
		120 /* Theme.swift */ = {isa = PBXFileReference; lastKnownFileType = sourcecode.swift; path = Theme.swift; sourceTree = "<group>"; };
		121 /* PluckkLogo.swift */ = {isa = PBXFileReference; lastKnownFileType = sourcecode.swift; path = PluckkLogo.swift; sourceTree = "<group>"; };
		122 /* SandAnimationView.swift */ = {isa = PBXFileReference; lastKnownFileType = sourcecode.swift; path = SandAnimationView.swift; sourceTree = "<group>"; };
		123 /* WindowResizer.swift */ = {isa = PBXFileReference; lastKnownFileType = sourcecode.swift; path = WindowResizer.swift; sourceTree = "<group>"; };
/* End PBXFileReference section */

/* Begin PBXFrameworksBuildPhase section */
		200 /* Frameworks */ = {
			isa = PBXFrameworksBuildPhase;
			buildActionMask = 2147483647;
			files = (
			);
			runOnlyForDeploymentPostprocessing = 0;
		};
/* End PBXFrameworksBuildPhase section */

/* Begin PBXGroup section */
		300 = {
			isa = PBXGroup;
			children = (
				301 /* Pluckk */,
				302 /* Products */,
			);
			sourceTree = "<group>";
		};
		301 /* Pluckk */ = {
			isa = PBXGroup;
			children = (
				101 /* PluckkApp.swift */,
				102 /* AppDelegate.swift */,
				119 /* Config.swift */,
				120 /* Theme.swift */,
				303 /* Models */,
				304 /* Panel */,
				305 /* Selection */,
				306 /* Auth */,
				307 /* API */,
				308 /* Views */,
				309 /* Resources */,
			);
			path = Pluckk;
			sourceTree = "<group>";
		};
		302 /* Products */ = {
			isa = PBXGroup;
			children = (
				100 /* Pluckk.app */,
			);
			name = Products;
			sourceTree = "<group>";
		};
		303 /* Models */ = {
			isa = PBXGroup;
			children = (
				103 /* AppState.swift */,
			);
			path = Models;
			sourceTree = "<group>";
		};
		304 /* Panel */ = {
			isa = PBXGroup;
			children = (
				104 /* PluckkPanel.swift */,
				105 /* SidebarView.swift */,
				106 /* AmbientStripView.swift */,
				122 /* SandAnimationView.swift */,
				123 /* WindowResizer.swift */,
			);
			path = Panel;
			sourceTree = "<group>";
		};
		305 /* Selection */ = {
			isa = PBXGroup;
			children = (
				107 /* DoubleCmdDetector.swift */,
				108 /* SelectionReader.swift */,
			);
			path = Selection;
			sourceTree = "<group>";
		};
		306 /* Auth */ = {
			isa = PBXGroup;
			children = (
				109 /* AuthManager.swift */,
			);
			path = Auth;
			sourceTree = "<group>";
		};
		307 /* API */ = {
			isa = PBXGroup;
			children = (
				111 /* PluckkAPI.swift */,
			);
			path = API;
			sourceTree = "<group>";
		};
		308 /* Views */ = {
			isa = PBXGroup;
			children = (
				110 /* LoginView.swift */,
				112 /* CardGenerationView.swift */,
				113 /* CardBrowserView.swift */,
				114 /* ReviewSessionView.swift */,
				115 /* SettingsView.swift */,
				121 /* PluckkLogo.swift */,
			);
			path = Views;
			sourceTree = "<group>";
		};
		309 /* Resources */ = {
			isa = PBXGroup;
			children = (
				116 /* Assets.xcassets */,
				117 /* Info.plist */,
				118 /* Pluckk.entitlements */,
			);
			path = Resources;
			sourceTree = "<group>";
		};
/* End PBXGroup section */

/* Begin PBXNativeTarget section */
		400 /* Pluckk */ = {
			isa = PBXNativeTarget;
			buildConfigurationList = 500 /* Build configuration list for PBXNativeTarget "Pluckk" */;
			buildPhases = (
				401 /* Sources */,
				200 /* Frameworks */,
				402 /* Resources */,
			);
			buildRules = (
			);
			dependencies = (
			);
			name = Pluckk;
			productName = Pluckk;
			productReference = 100 /* Pluckk.app */;
			productType = "com.apple.product-type.application";
		};
/* End PBXNativeTarget section */

/* Begin PBXProject section */
		600 /* Project object */ = {
			isa = PBXProject;
			attributes = {
				BuildIndependentTargetsInParallel = 1;
				LastSwiftUpdateCheck = 1500;
				LastUpgradeCheck = 1500;
				TargetAttributes = {
					400 = {
						CreatedOnToolsVersion = 15.0;
					};
				};
			};
			buildConfigurationList = 601 /* Build configuration list for PBXProject "Pluckk" */;
			compatibilityVersion = "Xcode 14.0";
			developmentRegion = en;
			hasScannedForEncodings = 0;
			knownRegions = (
				en,
				Base,
			);
			mainGroup = 300;
			productRefGroup = 302 /* Products */;
			projectDirPath = "";
			projectRoot = "";
			targets = (
				400 /* Pluckk */,
			);
		};
/* End PBXProject section */

/* Begin PBXResourcesBuildPhase section */
		402 /* Resources */ = {
			isa = PBXResourcesBuildPhase;
			buildActionMask = 2147483647;
			files = (
				016 /* Assets.xcassets in Resources */,
			);
			runOnlyForDeploymentPostprocessing = 0;
		};
/* End PBXResourcesBuildPhase section */

/* Begin PBXSourcesBuildPhase section */
		401 /* Sources */ = {
			isa = PBXSourcesBuildPhase;
			buildActionMask = 2147483647;
			files = (
				001 /* PluckkApp.swift in Sources */,
				002 /* AppDelegate.swift in Sources */,
				003 /* AppState.swift in Sources */,
				004 /* PluckkPanel.swift in Sources */,
				005 /* SidebarView.swift in Sources */,
				006 /* AmbientStripView.swift in Sources */,
				007 /* DoubleCmdDetector.swift in Sources */,
				008 /* SelectionReader.swift in Sources */,
				009 /* AuthManager.swift in Sources */,
				010 /* LoginView.swift in Sources */,
				011 /* PluckkAPI.swift in Sources */,
				012 /* CardGenerationView.swift in Sources */,
				013 /* CardBrowserView.swift in Sources */,
				014 /* ReviewSessionView.swift in Sources */,
				015 /* SettingsView.swift in Sources */,
				017 /* Config.swift in Sources */,
				018 /* Theme.swift in Sources */,
				019 /* PluckkLogo.swift in Sources */,
				020 /* SandAnimationView.swift in Sources */,
				021 /* WindowResizer.swift in Sources */,
			);
			runOnlyForDeploymentPostprocessing = 0;
		};
/* End PBXSourcesBuildPhase section */

/* Begin XCBuildConfiguration section */
		700 /* Debug */ = {
			isa = XCBuildConfiguration;
			buildSettings = {
				ALWAYS_SEARCH_USER_PATHS = NO;
				ASSETCATALOG_COMPILER_GENERATE_SWIFT_ASSET_SYMBOL_EXTENSIONS = YES;
				CLANG_ANALYZER_NONNULL = YES;
				CLANG_ANALYZER_NUMBER_OBJECT_CONVERSION = YES_AGGRESSIVE;
				CLANG_CXX_LANGUAGE_STANDARD = "gnu++20";
				CLANG_ENABLE_MODULES = YES;
				CLANG_ENABLE_OBJC_ARC = YES;
				CLANG_ENABLE_OBJC_WEAK = YES;
				CLANG_WARN_BLOCK_CAPTURE_AUTORELEASING = YES;
				CLANG_WARN_BOOL_CONVERSION = YES;
				CLANG_WARN_COMMA = YES;
				CLANG_WARN_CONSTANT_CONVERSION = YES;
				CLANG_WARN_DEPRECATED_OBJC_IMPLEMENTATIONS = YES;
				CLANG_WARN_DIRECT_OBJC_ISA_USAGE = YES_ERROR;
				CLANG_WARN_DOCUMENTATION_COMMENTS = YES;
				CLANG_WARN_EMPTY_BODY = YES;
				CLANG_WARN_ENUM_CONVERSION = YES;
				CLANG_WARN_INFINITE_RECURSION = YES;
				CLANG_WARN_INT_CONVERSION = YES;
				CLANG_WARN_NON_LITERAL_NULL_CONVERSION = YES;
				CLANG_WARN_OBJC_IMPLICIT_RETAIN_SELF = YES;
				CLANG_WARN_OBJC_LITERAL_CONVERSION = YES;
				CLANG_WARN_OBJC_ROOT_CLASS = YES_ERROR;
				CLANG_WARN_QUOTED_INCLUDE_IN_FRAMEWORK_HEADER = YES;
				CLANG_WARN_RANGE_LOOP_ANALYSIS = YES;
				CLANG_WARN_STRICT_PROTOTYPES = YES;
				CLANG_WARN_SUSPICIOUS_MOVE = YES;
				CLANG_WARN_UNGUARDED_AVAILABILITY = YES_AGGRESSIVE;
				CLANG_WARN_UNREACHABLE_CODE = YES;
				CLANG_WARN__DUPLICATE_METHOD_MATCH = YES;
				COPY_PHASE_STRIP = NO;
				DEBUG_INFORMATION_FORMAT = dwarf;
				ENABLE_STRICT_OBJC_MSGSEND = YES;
				ENABLE_TESTABILITY = YES;
				ENABLE_USER_SCRIPT_SANDBOXING = YES;
				GCC_C_LANGUAGE_STANDARD = gnu17;
				GCC_DYNAMIC_NO_PIC = NO;
				GCC_NO_COMMON_BLOCKS = YES;
				GCC_OPTIMIZATION_LEVEL = 0;
				GCC_PREPROCESSOR_DEFINITIONS = (
					"DEBUG=1",
					"$(inherited)",
				);
				GCC_WARN_64_TO_32_BIT_CONVERSION = YES;
				GCC_WARN_ABOUT_RETURN_TYPE = YES_ERROR;
				GCC_WARN_UNDECLARED_SELECTOR = YES;
				GCC_WARN_UNINITIALIZED_AUTOS = YES_AGGRESSIVE;
				GCC_WARN_UNUSED_FUNCTION = YES;
				GCC_WARN_UNUSED_VARIABLE = YES;
				LOCALIZATION_PREFERS_STRING_CATALOGS = YES;
				MACOSX_DEPLOYMENT_TARGET = 13.0;
				MTL_ENABLE_DEBUG_INFO = INCLUDE_SOURCE;
				MTL_FAST_MATH = YES;
				ONLY_ACTIVE_ARCH = YES;
				SDKROOT = macosx;
				SWIFT_ACTIVE_COMPILATION_CONDITIONS = "DEBUG $(inherited)";
				SWIFT_OPTIMIZATION_LEVEL = "-Onone";
			};
			name = Debug;
		};
		701 /* Release */ = {
			isa = XCBuildConfiguration;
			buildSettings = {
				ALWAYS_SEARCH_USER_PATHS = NO;
				ASSETCATALOG_COMPILER_GENERATE_SWIFT_ASSET_SYMBOL_EXTENSIONS = YES;
				CLANG_ANALYZER_NONNULL = YES;
				CLANG_ANALYZER_NUMBER_OBJECT_CONVERSION = YES_AGGRESSIVE;
				CLANG_CXX_LANGUAGE_STANDARD = "gnu++20";
				CLANG_ENABLE_MODULES = YES;
				CLANG_ENABLE_OBJC_ARC = YES;
				CLANG_ENABLE_OBJC_WEAK = YES;
				CLANG_WARN_BLOCK_CAPTURE_AUTORELEASING = YES;
				CLANG_WARN_BOOL_CONVERSION = YES;
				CLANG_WARN_COMMA = YES;
				CLANG_WARN_CONSTANT_CONVERSION = YES;
				CLANG_WARN_DEPRECATED_OBJC_IMPLEMENTATIONS = YES;
				CLANG_WARN_DIRECT_OBJC_ISA_USAGE = YES_ERROR;
				CLANG_WARN_DOCUMENTATION_COMMENTS = YES;
				CLANG_WARN_EMPTY_BODY = YES;
				CLANG_WARN_ENUM_CONVERSION = YES;
				CLANG_WARN_INFINITE_RECURSION = YES;
				CLANG_WARN_INT_CONVERSION = YES;
				CLANG_WARN_NON_LITERAL_NULL_CONVERSION = YES;
				CLANG_WARN_OBJC_IMPLICIT_RETAIN_SELF = YES;
				CLANG_WARN_OBJC_LITERAL_CONVERSION = YES;
				CLANG_WARN_OBJC_ROOT_CLASS = YES_ERROR;
				CLANG_WARN_QUOTED_INCLUDE_IN_FRAMEWORK_HEADER = YES;
				CLANG_WARN_RANGE_LOOP_ANALYSIS = YES;
				CLANG_WARN_STRICT_PROTOTYPES = YES;
				CLANG_WARN_SUSPICIOUS_MOVE = YES;
				CLANG_WARN_UNGUARDED_AVAILABILITY = YES_AGGRESSIVE;
				CLANG_WARN_UNREACHABLE_CODE = YES;
				CLANG_WARN__DUPLICATE_METHOD_MATCH = YES;
				COPY_PHASE_STRIP = NO;
				DEBUG_INFORMATION_FORMAT = "dwarf-with-dsym";
				ENABLE_NS_ASSERTIONS = NO;
				ENABLE_STRICT_OBJC_MSGSEND = YES;
				ENABLE_USER_SCRIPT_SANDBOXING = YES;
				GCC_C_LANGUAGE_STANDARD = gnu17;
				GCC_NO_COMMON_BLOCKS = YES;
				GCC_WARN_64_TO_32_BIT_CONVERSION = YES;
				GCC_WARN_ABOUT_RETURN_TYPE = YES_ERROR;
				GCC_WARN_UNDECLARED_SELECTOR = YES;
				GCC_WARN_UNINITIALIZED_AUTOS = YES_AGGRESSIVE;
				GCC_WARN_UNUSED_FUNCTION = YES;
				GCC_WARN_UNUSED_VARIABLE = YES;
				LOCALIZATION_PREFERS_STRING_CATALOGS = YES;
				MACOSX_DEPLOYMENT_TARGET = 13.0;
				MTL_ENABLE_DEBUG_INFO = NO;
				MTL_FAST_MATH = YES;
				SDKROOT = macosx;
				SWIFT_COMPILATION_MODE = wholemodule;
			};
			name = Release;
		};
		702 /* Debug */ = {
			isa = XCBuildConfiguration;
			buildSettings = {
				ASSETCATALOG_COMPILER_APPICON_NAME = AppIcon;
				ASSETCATALOG_COMPILER_GLOBAL_ACCENT_COLOR_NAME = AccentColor;
				CODE_SIGN_ENTITLEMENTS = Pluckk/Resources/Pluckk.entitlements;
				CODE_SIGN_STYLE = Automatic;
				COMBINE_HIDPI_IMAGES = YES;
				CURRENT_PROJECT_VERSION = 1;
				DEVELOPMENT_TEAM = V88D4HZVDB;
				ENABLE_HARDENED_RUNTIME = YES;
				GENERATE_INFOPLIST_FILE = NO;
				INFOPLIST_FILE = Pluckk/Resources/Info.plist;
				INFOPLIST_KEY_CFBundleDisplayName = Pluckk;
				INFOPLIST_KEY_LSApplicationCategoryType = "public.app-category.productivity";
				INFOPLIST_KEY_NSHumanReadableCopyright = "";
				LD_RUNPATH_SEARCH_PATHS = (
					"$(inherited)",
					"@executable_path/../Frameworks",
				);
				MARKETING_VERSION = 1.0.0;
				PRODUCT_BUNDLE_IDENTIFIER = com.pluckk.app;
				PRODUCT_NAME = "$(TARGET_NAME)";
				SWIFT_EMIT_LOC_STRINGS = YES;
				SWIFT_VERSION = 5.0;
			};
			name = Debug;
		};
		703 /* Release */ = {
			isa = XCBuildConfiguration;
			buildSettings = {
				ASSETCATALOG_COMPILER_APPICON_NAME = AppIcon;
				ASSETCATALOG_COMPILER_GLOBAL_ACCENT_COLOR_NAME = AccentColor;
				CODE_SIGN_ENTITLEMENTS = Pluckk/Resources/Pluckk.entitlements;
				CODE_SIGN_STYLE = Automatic;
				COMBINE_HIDPI_IMAGES = YES;
				CURRENT_PROJECT_VERSION = 1;
				DEVELOPMENT_TEAM = V88D4HZVDB;
				ENABLE_HARDENED_RUNTIME = YES;
				GENERATE_INFOPLIST_FILE = NO;
				INFOPLIST_FILE = Pluckk/Resources/Info.plist;
				INFOPLIST_KEY_CFBundleDisplayName = Pluckk;
				INFOPLIST_KEY_LSApplicationCategoryType = "public.app-category.productivity";
				INFOPLIST_KEY_NSHumanReadableCopyright = "";
				LD_RUNPATH_SEARCH_PATHS = (
					"$(inherited)",
					"@executable_path/../Frameworks",
				);
				MARKETING_VERSION = 1.0.0;
				PRODUCT_BUNDLE_IDENTIFIER = com.pluckk.app;
				PRODUCT_NAME = "$(TARGET_NAME)";
				SWIFT_EMIT_LOC_STRINGS = YES;
				SWIFT_VERSION = 5.0;
			};
			name = Release;
		};
/* End XCBuildConfiguration section */

/* Begin XCConfigurationList section */
		500 /* Build configuration list for PBXNativeTarget "Pluckk" */ = {
			isa = XCConfigurationList;
			buildConfigurations = (
				702 /* Debug */,
				703 /* Release */,
			);
			defaultConfigurationIsVisible = 0;
			defaultConfigurationName = Release;
		};
		601 /* Build configuration list for PBXProject "Pluckk" */ = {
			isa = XCConfigurationList;
			buildConfigurations = (
				700 /* Debug */,
				701 /* Release */,
			);
			defaultConfigurationIsVisible = 0;
			defaultConfigurationName = Release;
		};
/* End XCConfigurationList section */
	};
	rootObject = 600 /* Project object */;
}
